
Microsoft Visual Studio Solution File, Format Version 12.00
# Visual Studio Version 16
VisualStudioVersion = 16.0.31112.23
MinimumVisualStudioVersion = 10.0.40219.1
Project("{FAE04EC0-301F-11D3-BF4B-00C04F79EFBC}") = "LoginApp", "LoginApp\LoginApp.csproj", "{AFD5DC6B-8D2A-416C-B8FE-593B4D57F5C5}"
EndProject
Global
	GlobalSection(SolutionConfigurationPlatforms) = preSolution
		Debug|Any CPU = Debug|Any CPU
		Release|Any CPU = Release|Any CPU
	EndGlobalSection
	GlobalSection(ProjectConfigurationPlatforms) = postSolution
		{AFD5DC6B-8D2A-416C-B8FE-593B4D57F5C5}.Debug|Any CPU.ActiveCfg = Debug|Any CPU
		{AFD5DC6B-8D2A-416C-B8FE-593B4D57F5C5}.Debug|Any CPU.Build.0 = Debug|Any CPU
		{AFD5DC6B-8D2A-416C-B8FE-593B4D57F5C5}.Release|Any CPU.ActiveCfg = Release|Any CPU
		{AFD5DC6B-8D2A-416C-B8FE-593B4D57F5C5}.Release|Any CPU.Build.0 = Release|Any CPU
	EndGlobalSection
	GlobalSection(SolutionProperties) = preSolution
		HideSolutionNode = FALSE
	EndGlobalSection
	GlobalSection(ExtensibilityGlobals) = postSolution
		SolutionGuid = {0A71B751-6750-4C4C-8E9B-4113A72DBCC4}
	EndGlobalSection
EndGlobal
